
Microsoft Visual Studio Solution File, Format Version 12.00
# Visual Studio 15
VisualStudioVersion = 15.0.27703.2042
MinimumVisualStudioVersion = 10.0.40219.1
Project("{8BC9CEB8-8B4A-11D0-8D11-00A0C91BC942}") = "may1_heapsort", "may1_heapsort\may1_heapsort.vcxproj", "{0C40C3CC-20D6-47A6-900D-79F8E0A253EC}"
EndProject
Global
	GlobalSection(SolutionConfigurationPlatforms) = preSolution
		Debug|x64 = Debug|x64
		Debug|x86 = Debug|x86
		Release|x64 = Release|x64
		Release|x86 = Release|x86
	EndGlobalSection
	GlobalSection(ProjectConfigurationPlatforms) = postSolution
		{0C40C3CC-20D6-47A6-900D-79F8E0A253EC}.Debug|x64.ActiveCfg = Debug|x64
		{0C40C3CC-20D6-47A6-900D-79F8E0A253EC}.Debug|x64.Build.0 = Debug|x64
		{0C40C3CC-20D6-47A6-900D-79F8E0A253EC}.Debug|x86.ActiveCfg = Debug|Win32
		{0C40C3CC-20D6-47A6-900D-79F8E0A253EC}.Debug|x86.Build.0 = Debug|Win32
		{0C40C3CC-20D6-47A6-900D-79F8E0A253EC}.Release|x64.ActiveCfg = Release|x64
		{0C40C3CC-20D6-47A6-900D-79F8E0A253EC}.Release|x64.Build.0 = Release|x64
		{0C40C3CC-20D6-47A6-900D-79F8E0A253EC}.Release|x86.ActiveCfg = Release|Win32
		{0C40C3CC-20D6-47A6-900D-79F8E0A253EC}.Release|x86.Build.0 = Release|Win32
	EndGlobalSection
	GlobalSection(SolutionProperties) = preSolution
		HideSolutionNode = FALSE
	EndGlobalSection
	GlobalSection(ExtensibilityGlobals) = postSolution
		SolutionGuid = {352B14CB-0360-4EE0-9309-BC32E221C20E}
	EndGlobalSection
EndGlobal
