
Microsoft Visual Studio Solution File, Format Version 12.00
# Visual Studio 15
VisualStudioVersion = 15.0.27703.2042
MinimumVisualStudioVersion = 10.0.40219.1
Project("{8BC9CEB8-8B4A-11D0-8D11-00A0C91BC942}") = "WriteAppC", "WriteAppC\WriteAppC.vcxproj", "{0B35354B-9E00-4471-B51F-36AA2B33AAF1}"
EndProject
Global
	GlobalSection(SolutionConfigurationPlatforms) = preSolution
		Debug|x64 = Debug|x64
		Debug|x86 = Debug|x86
		Release|x64 = Release|x64
		Release|x86 = Release|x86
	EndGlobalSection
	GlobalSection(ProjectConfigurationPlatforms) = postSolution
		{0B35354B-9E00-4471-B51F-36AA2B33AAF1}.Debug|x64.ActiveCfg = Debug|x64
		{0B35354B-9E00-4471-B51F-36AA2B33AAF1}.Debug|x64.Build.0 = Debug|x64
		{0B35354B-9E00-4471-B51F-36AA2B33AAF1}.Debug|x86.ActiveCfg = Debug|Win32
		{0B35354B-9E00-4471-B51F-36AA2B33AAF1}.Debug|x86.Build.0 = Debug|Win32
		{0B35354B-9E00-4471-B51F-36AA2B33AAF1}.Release|x64.ActiveCfg = Release|x64
		{0B35354B-9E00-4471-B51F-36AA2B33AAF1}.Release|x64.Build.0 = Release|x64
		{0B35354B-9E00-4471-B51F-36AA2B33AAF1}.Release|x86.ActiveCfg = Release|Win32
		{0B35354B-9E00-4471-B51F-36AA2B33AAF1}.Release|x86.Build.0 = Release|Win32
	EndGlobalSection
	GlobalSection(SolutionProperties) = preSolution
		HideSolutionNode = FALSE
	EndGlobalSection
	GlobalSection(ExtensibilityGlobals) = postSolution
		SolutionGuid = {0B67B184-5712-45F2-8D19-5C26CCC3514B}
	EndGlobalSection
EndGlobal
